
Microsoft Visual Studio Solution File, Format Version 12.00
# Visual Studio Version 17
VisualStudioVersion = 17.1.31911.260
MinimumVisualStudioVersion = 10.0.40219.1
Project("{9A19103F-16F7-4668-BE54-9A1E7A4F7556}") = "FlyingDutchmanAirlines", "FLyingDutchmanAirlines\FlyingDutchmanAirlines.csproj", "{F3A8DEC9-8950-450D-A64B-C60A1A5FF7D9}"
EndProject
Global
	GlobalSection(SolutionConfigurationPlatforms) = preSolution
		Debug|Any CPU = Debug|Any CPU
		Release|Any CPU = Release|Any CPU
	EndGlobalSection
	GlobalSection(ProjectConfigurationPlatforms) = postSolution
		{F3A8DEC9-8950-450D-A64B-C60A1A5FF7D9}.Debug|Any CPU.ActiveCfg = Debug|Any CPU
		{F3A8DEC9-8950-450D-A64B-C60A1A5FF7D9}.Debug|Any CPU.Build.0 = Debug|Any CPU
		{F3A8DEC9-8950-450D-A64B-C60A1A5FF7D9}.Release|Any CPU.ActiveCfg = Release|Any CPU
		{F3A8DEC9-8950-450D-A64B-C60A1A5FF7D9}.Release|Any CPU.Build.0 = Release|Any CPU
	EndGlobalSection
	GlobalSection(SolutionProperties) = preSolution
		HideSolutionNode = FALSE
	EndGlobalSection
	GlobalSection(ExtensibilityGlobals) = postSolution
		SolutionGuid = {3993C717-6C8D-467C-920D-FE22AEAD0B2E}
	EndGlobalSection
EndGlobal
